
Microsoft Visual Studio Solution File, Format Version 12.00
# Visual Studio Version 16
VisualStudioVersion = 16.0.29709.97
MinimumVisualStudioVersion = 10.0.40219.1
Project("{9A19103F-16F7-4668-BE54-9A1E7A4F7556}") = "API", "API.csproj", "{F029F4DA-6ED1-4149-9D8D-256C3F9E1928}"
EndProject
Project("{9A19103F-16F7-4668-BE54-9A1E7A4F7556}") = "Models", "Models\Models.csproj", "{C39931B1-C400-4640-89C2-6A34184BE063}"
EndProject
Project("{9A19103F-16F7-4668-BE54-9A1E7A4F7556}") = "Repository", "Repository\Repository.csproj", "{C57F34DD-EB7D-4EE1-BE46-10F95235486C}"
EndProject
Project("{9A19103F-16F7-4668-BE54-9A1E7A4F7556}") = "DTO", "DTO\DTO.csproj", "{D5E510D8-6C83-4785-86A8-20ED0FE2F26E}"
EndProject
Project("{9A19103F-16F7-4668-BE54-9A1E7A4F7556}") = "Service", "Service\Service.csproj", "{6233FE0F-CAA2-4695-8EC1-380731EF664C}"
EndProject
Project("{9A19103F-16F7-4668-BE54-9A1E7A4F7556}") = "Utilties", "Utilties\Utilties.csproj", "{B93C7D99-134D-4106-A70D-6B8FC1E68E5D}"
EndProject
Global
	GlobalSection(SolutionConfigurationPlatforms) = preSolution
		Debug|Any CPU = Debug|Any CPU
		Release|Any CPU = Release|Any CPU
	EndGlobalSection
	GlobalSection(ProjectConfigurationPlatforms) = postSolution
		{F029F4DA-6ED1-4149-9D8D-256C3F9E1928}.Debug|Any CPU.ActiveCfg = Debug|Any CPU
		{F029F4DA-6ED1-4149-9D8D-256C3F9E1928}.Debug|Any CPU.Build.0 = Debug|Any CPU
		{F029F4DA-6ED1-4149-9D8D-256C3F9E1928}.Release|Any CPU.ActiveCfg = Release|Any CPU
		{F029F4DA-6ED1-4149-9D8D-256C3F9E1928}.Release|Any CPU.Build.0 = Release|Any CPU
		{C39931B1-C400-4640-89C2-6A34184BE063}.Debug|Any CPU.ActiveCfg = Debug|Any CPU
		{C39931B1-C400-4640-89C2-6A34184BE063}.Debug|Any CPU.Build.0 = Debug|Any CPU
		{C39931B1-C400-4640-89C2-6A34184BE063}.Release|Any CPU.ActiveCfg = Release|Any CPU
		{C39931B1-C400-4640-89C2-6A34184BE063}.Release|Any CPU.Build.0 = Release|Any CPU
		{C57F34DD-EB7D-4EE1-BE46-10F95235486C}.Debug|Any CPU.ActiveCfg = Debug|Any CPU
		{C57F34DD-EB7D-4EE1-BE46-10F95235486C}.Debug|Any CPU.Build.0 = Debug|Any CPU
		{C57F34DD-EB7D-4EE1-BE46-10F95235486C}.Release|Any CPU.ActiveCfg = Release|Any CPU
		{C57F34DD-EB7D-4EE1-BE46-10F95235486C}.Release|Any CPU.Build.0 = Release|Any CPU
		{D5E510D8-6C83-4785-86A8-20ED0FE2F26E}.Debug|Any CPU.ActiveCfg = Debug|Any CPU
		{D5E510D8-6C83-4785-86A8-20ED0FE2F26E}.Debug|Any CPU.Build.0 = Debug|Any CPU
		{D5E510D8-6C83-4785-86A8-20ED0FE2F26E}.Release|Any CPU.ActiveCfg = Release|Any CPU
		{D5E510D8-6C83-4785-86A8-20ED0FE2F26E}.Release|Any CPU.Build.0 = Release|Any CPU
		{6233FE0F-CAA2-4695-8EC1-380731EF664C}.Debug|Any CPU.ActiveCfg = Debug|Any CPU
		{6233FE0F-CAA2-4695-8EC1-380731EF664C}.Debug|Any CPU.Build.0 = Debug|Any CPU
		{6233FE0F-CAA2-4695-8EC1-380731EF664C}.Release|Any CPU.ActiveCfg = Release|Any CPU
		{6233FE0F-CAA2-4695-8EC1-380731EF664C}.Release|Any CPU.Build.0 = Release|Any CPU
		{B93C7D99-134D-4106-A70D-6B8FC1E68E5D}.Debug|Any CPU.ActiveCfg = Debug|Any CPU
		{B93C7D99-134D-4106-A70D-6B8FC1E68E5D}.Debug|Any CPU.Build.0 = Debug|Any CPU
		{B93C7D99-134D-4106-A70D-6B8FC1E68E5D}.Release|Any CPU.ActiveCfg = Release|Any CPU
		{B93C7D99-134D-4106-A70D-6B8FC1E68E5D}.Release|Any CPU.Build.0 = Release|Any CPU
	EndGlobalSection
	GlobalSection(SolutionProperties) = preSolution
		HideSolutionNode = FALSE
	EndGlobalSection
	GlobalSection(ExtensibilityGlobals) = postSolution
		SolutionGuid = {237A8BEA-2788-43F9-ABE5-D6536FD77C52}
	EndGlobalSection
EndGlobal
